// !$*UTF8*$!
{
	archiveVersion = 1;
	classes = {
	};
	objectVersion = 56;
	objects = {

/* Begin PBXBuildFile section */
		ADBE9FC529B086B800CDFFAA /* AppDelegate.swift in Sources */ = {isa = PBXBuildFile; fileRef = ADBE9FC429B086B800CDFFAA /* AppDelegate.swift */; };
		ADBE9FC729B086B800CDFFAA /* SceneDelegate.swift in Sources */ = {isa = PBXBuildFile; fileRef = ADBE9FC629B086B800CDFFAA /* SceneDelegate.swift */; };
		ADBE9FCC29B086B800CDFFAA /* Main.storyboard in Resources */ = {isa = PBXBuildFile; fileRef = ADBE9FCA29B086B800CDFFAA /* Main.storyboard */; };
		ADBE9FCE29B086B900CDFFAA /* Assets.xcassets in Resources */ = {isa = PBXBuildFile; fileRef = ADBE9FCD29B086B900CDFFAA /* Assets.xcassets */; };
		ADBE9FD129B086B900CDFFAA /* LaunchScreen.storyboard in Resources */ = {isa = PBXBuildFile; fileRef = ADBE9FCF29B086B900CDFFAA /* LaunchScreen.storyboard */; };
		ADBE9FDC29B0872000CDFFAA /* Contacts.swift in Sources */ = {isa = PBXBuildFile; fileRef = ADBE9FDB29B0872000CDFFAA /* Contacts.swift */; };
		ADBE9FDF29B087F200CDFFAA /* DataStore.swift in Sources */ = {isa = PBXBuildFile; fileRef = ADBE9FDE29B087F200CDFFAA /* DataStore.swift */; };
		ADBE9FE229B0BA8E00CDFFAA /* ContactsViewController.swift in Sources */ = {isa = PBXBuildFile; fileRef = ADBE9FE129B0BA8E00CDFFAA /* ContactsViewController.swift */; };
		ADBE9FE429B0C5DB00CDFFAA /* DetailContactsViewController.swift in Sources */ = {isa = PBXBuildFile; fileRef = ADBE9FE329B0C5DB00CDFFAA /* DetailContactsViewController.swift */; };
		ADBE9FE829B0E5B800CDFFAA /* PersonInfoViewController.swift in Sources */ = {isa = PBXBuildFile; fileRef = ADBE9FE729B0E5B800CDFFAA /* PersonInfoViewController.swift */; };
		ADBE9FEA29B1053200CDFFAA /* TabBarController.swift in Sources */ = {isa = PBXBuildFile; fileRef = ADBE9FE929B1053200CDFFAA /* TabBarController.swift */; };
/* End PBXBuildFile section */

/* Begin PBXFileReference section */
		ADBE9FC129B086B800CDFFAA /* ContactList.app */ = {isa = PBXFileReference; explicitFileType = wrapper.application; includeInIndex = 0; path = ContactList.app; sourceTree = BUILT_PRODUCTS_DIR; };
		ADBE9FC429B086B800CDFFAA /* AppDelegate.swift */ = {isa = PBXFileReference; lastKnownFileType = sourcecode.swift; path = AppDelegate.swift; sourceTree = "<group>"; };
		ADBE9FC629B086B800CDFFAA /* SceneDelegate.swift */ = {isa = PBXFileReference; lastKnownFileType = sourcecode.swift; path = SceneDelegate.swift; sourceTree = "<group>"; };
		ADBE9FCB29B086B800CDFFAA /* Base */ = {isa = PBXFileReference; lastKnownFileType = file.storyboard; name = Base; path = Base.lproj/Main.storyboard; sourceTree = "<group>"; };
		ADBE9FCD29B086B900CDFFAA /* Assets.xcassets */ = {isa = PBXFileReference; lastKnownFileType = folder.assetcatalog; path = Assets.xcassets; sourceTree = "<group>"; };
		ADBE9FD029B086B900CDFFAA /* Base */ = {isa = PBXFileReference; lastKnownFileType = file.storyboard; name = Base; path = Base.lproj/LaunchScreen.storyboard; sourceTree = "<group>"; };
		ADBE9FD229B086B900CDFFAA /* Info.plist */ = {isa = PBXFileReference; lastKnownFileType = text.plist.xml; path = Info.plist; sourceTree = "<group>"; };
		ADBE9FDB29B0872000CDFFAA /* Contacts.swift */ = {isa = PBXFileReference; lastKnownFileType = sourcecode.swift; path = Contacts.swift; sourceTree = "<group>"; };
		ADBE9FDE29B087F200CDFFAA /* DataStore.swift */ = {isa = PBXFileReference; lastKnownFileType = sourcecode.swift; path = DataStore.swift; sourceTree = "<group>"; };
		ADBE9FE129B0BA8E00CDFFAA /* ContactsViewController.swift */ = {isa = PBXFileReference; lastKnownFileType = sourcecode.swift; path = ContactsViewController.swift; sourceTree = "<group>"; };
		ADBE9FE329B0C5DB00CDFFAA /* DetailContactsViewController.swift */ = {isa = PBXFileReference; lastKnownFileType = sourcecode.swift; path = DetailContactsViewController.swift; sourceTree = "<group>"; };
		ADBE9FE729B0E5B800CDFFAA /* PersonInfoViewController.swift */ = {isa = PBXFileReference; lastKnownFileType = sourcecode.swift; path = PersonInfoViewController.swift; sourceTree = "<group>"; };
		ADBE9FE929B1053200CDFFAA /* TabBarController.swift */ = {isa = PBXFileReference; lastKnownFileType = sourcecode.swift; path = TabBarController.swift; sourceTree = "<group>"; };
/* End PBXFileReference section */

/* Begin PBXFrameworksBuildPhase section */
		ADBE9FBE29B086B800CDFFAA /* Frameworks */ = {
			isa = PBXFrameworksBuildPhase;
			buildActionMask = 2147483647;
			files = (
			);
			runOnlyForDeploymentPostprocessing = 0;
		};
/* End PBXFrameworksBuildPhase section */

/* Begin PBXGroup section */
		ADBE9FB829B086B800CDFFAA = {
			isa = PBXGroup;
			children = (
				ADBE9FC329B086B800CDFFAA /* ContactList */,
				ADBE9FC229B086B800CDFFAA /* Products */,
			);
			sourceTree = "<group>";
		};
		ADBE9FC229B086B800CDFFAA /* Products */ = {
			isa = PBXGroup;
			children = (
				ADBE9FC129B086B800CDFFAA /* ContactList.app */,
			);
			name = Products;
			sourceTree = "<group>";
		};
		ADBE9FC329B086B800CDFFAA /* ContactList */ = {
			isa = PBXGroup;
			children = (
				ADBE9FDA29B086FB00CDFFAA /* ViewControllers */,
				ADBE9FD929B086E300CDFFAA /* Storyboards */,
				ADBE9FCD29B086B900CDFFAA /* Assets.xcassets */,
				ADBE9FDD29B0872D00CDFFAA /* Models */,
				ADBE9FE029B087FB00CDFFAA /* Services */,
				ADBE9FD829B086D500CDFFAA /* App */,
			);
			path = ContactList;
			sourceTree = "<group>";
		};
		ADBE9FD829B086D500CDFFAA /* App */ = {
			isa = PBXGroup;
			children = (
				ADBE9FC429B086B800CDFFAA /* AppDelegate.swift */,
				ADBE9FC629B086B800CDFFAA /* SceneDelegate.swift */,
				ADBE9FD229B086B900CDFFAA /* Info.plist */,
			);
			path = App;
			sourceTree = "<group>";
		};
		ADBE9FD929B086E300CDFFAA /* Storyboards */ = {
			isa = PBXGroup;
			children = (
				ADBE9FCA29B086B800CDFFAA /* Main.storyboard */,
				ADBE9FCF29B086B900CDFFAA /* LaunchScreen.storyboard */,
			);
			path = Storyboards;
			sourceTree = "<group>";
		};
		ADBE9FDA29B086FB00CDFFAA /* ViewControllers */ = {
			isa = PBXGroup;
			children = (
				ADBE9FE129B0BA8E00CDFFAA /* ContactsViewController.swift */,
				ADBE9FE329B0C5DB00CDFFAA /* DetailContactsViewController.swift */,
				ADBE9FE729B0E5B800CDFFAA /* PersonInfoViewController.swift */,
				ADBE9FE929B1053200CDFFAA /* TabBarController.swift */,
			);
			path = ViewControllers;
			sourceTree = "<group>";
		};
		ADBE9FDD29B0872D00CDFFAA /* Models */ = {
			isa = PBXGroup;
			children = (
				ADBE9FDB29B0872000CDFFAA /* Contacts.swift */,
			);
			path = Models;
			sourceTree = "<group>";
		};
		ADBE9FE029B087FB00CDFFAA /* Services */ = {
			isa = PBXGroup;
			children = (
				ADBE9FDE29B087F200CDFFAA /* DataStore.swift */,
			);
			path = Services;
			sourceTree = "<group>";
		};
/* End PBXGroup section */

/* Begin PBXNativeTarget section */
		ADBE9FC029B086B800CDFFAA /* ContactList */ = {
			isa = PBXNativeTarget;
			buildConfigurationList = ADBE9FD529B086B900CDFFAA /* Build configuration list for PBXNativeTarget "ContactList" */;
			buildPhases = (
				ADBE9FBD29B086B800CDFFAA /* Sources */,
				ADBE9FBE29B086B800CDFFAA /* Frameworks */,
				ADBE9FBF29B086B800CDFFAA /* Resources */,
			);
			buildRules = (
			);
			dependencies = (
			);
			name = ContactList;
			productName = ContactList;
			productReference = ADBE9FC129B086B800CDFFAA /* ContactList.app */;
			productType = "com.apple.product-type.application";
		};
/* End PBXNativeTarget section */

/* Begin PBXProject section */
		ADBE9FB929B086B800CDFFAA /* Project object */ = {
			isa = PBXProject;
			attributes = {
				BuildIndependentTargetsInParallel = 1;
				LastSwiftUpdateCheck = 1420;
				LastUpgradeCheck = 1420;
				TargetAttributes = {
					ADBE9FC029B086B800CDFFAA = {
						CreatedOnToolsVersion = 14.2;
					};
				};
			};
			buildConfigurationList = ADBE9FBC29B086B800CDFFAA /* Build configuration list for PBXProject "ContactList" */;
			compatibilityVersion = "Xcode 14.0";
			developmentRegion = en;
			hasScannedForEncodings = 0;
			knownRegions = (
				en,
				Base,
			);
			mainGroup = ADBE9FB829B086B800CDFFAA;
			productRefGroup = ADBE9FC229B086B800CDFFAA /* Products */;
			projectDirPath = "";
			projectRoot = "";
			targets = (
				ADBE9FC029B086B800CDFFAA /* ContactList */,
			);
		};
/* End PBXProject section */

/* Begin PBXResourcesBuildPhase section */
		ADBE9FBF29B086B800CDFFAA /* Resources */ = {
			isa = PBXResourcesBuildPhase;
			buildActionMask = 2147483647;
			files = (
				ADBE9FD129B086B900CDFFAA /* LaunchScreen.storyboard in Resources */,
				ADBE9FCE29B086B900CDFFAA /* Assets.xcassets in Resources */,
				ADBE9FCC29B086B800CDFFAA /* Main.storyboard in Resources */,
			);
			runOnlyForDeploymentPostprocessing = 0;
		};
/* End PBXResourcesBuildPhase section */

/* Begin PBXSourcesBuildPhase section */
		ADBE9FBD29B086B800CDFFAA /* Sources */ = {
			isa = PBXSourcesBuildPhase;
			buildActionMask = 2147483647;
			files = (
				ADBE9FE429B0C5DB00CDFFAA /* DetailContactsViewController.swift in Sources */,
				ADBE9FEA29B1053200CDFFAA /* TabBarController.swift in Sources */,
				ADBE9FDC29B0872000CDFFAA /* Contacts.swift in Sources */,
				ADBE9FC529B086B800CDFFAA /* AppDelegate.swift in Sources */,
				ADBE9FE829B0E5B800CDFFAA /* PersonInfoViewController.swift in Sources */,
				ADBE9FDF29B087F200CDFFAA /* DataStore.swift in Sources */,
				ADBE9FC729B086B800CDFFAA /* SceneDelegate.swift in Sources */,
				ADBE9FE229B0BA8E00CDFFAA /* ContactsViewController.swift in Sources */,
			);
			runOnlyForDeploymentPostprocessing = 0;
		};
/* End PBXSourcesBuildPhase section */

/* Begin PBXVariantGroup section */
		ADBE9FCA29B086B800CDFFAA /* Main.storyboard */ = {
			isa = PBXVariantGroup;
			children = (
				ADBE9FCB29B086B800CDFFAA /* Base */,
			);
			name = Main.storyboard;
			sourceTree = "<group>";
		};
		ADBE9FCF29B086B900CDFFAA /* LaunchScreen.storyboard */ = {
			isa = PBXVariantGroup;
			children = (
				ADBE9FD029B086B900CDFFAA /* Base */,
			);
			name = LaunchScreen.storyboard;
			sourceTree = "<group>";
		};
/* End PBXVariantGroup section */

/* Begin XCBuildConfiguration section */
		ADBE9FD329B086B900CDFFAA /* Debug */ = {
			isa = XCBuildConfiguration;
			buildSettings = {
				ALWAYS_SEARCH_USER_PATHS = NO;
				CLANG_ANALYZER_NONNULL = YES;
				CLANG_ANALYZER_NUMBER_OBJECT_CONVERSION = YES_AGGRESSIVE;
				CLANG_CXX_LANGUAGE_STANDARD = "gnu++20";
				CLANG_ENABLE_MODULES = YES;
				CLANG_ENABLE_OBJC_ARC = YES;
				CLANG_ENABLE_OBJC_WEAK = YES;
				CLANG_WARN_BLOCK_CAPTURE_AUTORELEASING = YES;
				CLANG_WARN_BOOL_CONVERSION = YES;
				CLANG_WARN_COMMA = YES;
				CLANG_WARN_CONSTANT_CONVERSION = YES;
				CLANG_WARN_DEPRECATED_OBJC_IMPLEMENTATIONS = YES;
				CLANG_WARN_DIRECT_OBJC_ISA_USAGE = YES_ERROR;
				CLANG_WARN_DOCUMENTATION_COMMENTS = YES;
				CLANG_WARN_EMPTY_BODY = YES;
				CLANG_WARN_ENUM_CONVERSION = YES;
				CLANG_WARN_INFINITE_RECURSION = YES;
				CLANG_WARN_INT_CONVERSION = YES;
				CLANG_WARN_NON_LITERAL_NULL_CONVERSION = YES;
				CLANG_WARN_OBJC_IMPLICIT_RETAIN_SELF = YES;
				CLANG_WARN_OBJC_LITERAL_CONVERSION = YES;
				CLANG_WARN_OBJC_ROOT_CLASS = YES_ERROR;
				CLANG_WARN_QUOTED_INCLUDE_IN_FRAMEWORK_HEADER = YES;
				CLANG_WARN_RANGE_LOOP_ANALYSIS = YES;
				CLANG_WARN_STRICT_PROTOTYPES = YES;
				CLANG_WARN_SUSPICIOUS_MOVE = YES;
				CLANG_WARN_UNGUARDED_AVAILABILITY = YES_AGGRESSIVE;
				CLANG_WARN_UNREACHABLE_CODE = YES;
				CLANG_WARN__DUPLICATE_METHOD_MATCH = YES;
				COPY_PHASE_STRIP = NO;
				DEBUG_INFORMATION_FORMAT = dwarf;
				ENABLE_STRICT_OBJC_MSGSEND = YES;
				ENABLE_TESTABILITY = YES;
				GCC_C_LANGUAGE_STANDARD = gnu11;
				GCC_DYNAMIC_NO_PIC = NO;
				GCC_NO_COMMON_BLOCKS = YES;
				GCC_OPTIMIZATION_LEVEL = 0;
				GCC_PREPROCESSOR_DEFINITIONS = (
					"DEBUG=1",
					"$(inherited)",
				);
				GCC_WARN_64_TO_32_BIT_CONVERSION = YES;
				GCC_WARN_ABOUT_RETURN_TYPE = YES_ERROR;
				GCC_WARN_UNDECLARED_SELECTOR = YES;
				GCC_WARN_UNINITIALIZED_AUTOS = YES_AGGRESSIVE;
				GCC_WARN_UNUSED_FUNCTION = YES;
				GCC_WARN_UNUSED_VARIABLE = YES;
				IPHONEOS_DEPLOYMENT_TARGET = 16.2;
				MTL_ENABLE_DEBUG_INFO = INCLUDE_SOURCE;
				MTL_FAST_MATH = YES;
				ONLY_ACTIVE_ARCH = YES;
				SDKROOT = iphoneos;
				SWIFT_ACTIVE_COMPILATION_CONDITIONS = DEBUG;
				SWIFT_OPTIMIZATION_LEVEL = "-Onone";
			};
			name = Debug;
		};
		ADBE9FD429B086B900CDFFAA /* Release */ = {
			isa = XCBuildConfiguration;
			buildSettings = {
				ALWAYS_SEARCH_USER_PATHS = NO;
				CLANG_ANALYZER_NONNULL = YES;
				CLANG_ANALYZER_NUMBER_OBJECT_CONVERSION = YES_AGGRESSIVE;
				CLANG_CXX_LANGUAGE_STANDARD = "gnu++20";
				CLANG_ENABLE_MODULES = YES;
				CLANG_ENABLE_OBJC_ARC = YES;
				CLANG_ENABLE_OBJC_WEAK = YES;
				CLANG_WARN_BLOCK_CAPTURE_AUTORELEASING = YES;
				CLANG_WARN_BOOL_CONVERSION = YES;
				CLANG_WARN_COMMA = YES;
				CLANG_WARN_CONSTANT_CONVERSION = YES;
				CLANG_WARN_DEPRECATED_OBJC_IMPLEMENTATIONS = YES;
				CLANG_WARN_DIRECT_OBJC_ISA_USAGE = YES_ERROR;
				CLANG_WARN_DOCUMENTATION_COMMENTS = YES;
				CLANG_WARN_EMPTY_BODY = YES;
				CLANG_WARN_ENUM_CONVERSION = YES;
				CLANG_WARN_INFINITE_RECURSION = YES;
				CLANG_WARN_INT_CONVERSION = YES;
				CLANG_WARN_NON_LITERAL_NULL_CONVERSION = YES;
				CLANG_WARN_OBJC_IMPLICIT_RETAIN_SELF = YES;
				CLANG_WARN_OBJC_LITERAL_CONVERSION = YES;
				CLANG_WARN_OBJC_ROOT_CLASS = YES_ERROR;
				CLANG_WARN_QUOTED_INCLUDE_IN_FRAMEWORK_HEADER = YES;
				CLANG_WARN_RANGE_LOOP_ANALYSIS = YES;
				CLANG_WARN_STRICT_PROTOTYPES = YES;
				CLANG_WARN_SUSPICIOUS_MOVE = YES;
				CLANG_WARN_UNGUARDED_AVAILABILITY = YES_AGGRESSIVE;
				CLANG_WARN_UNREACHABLE_CODE = YES;
				CLANG_WARN__DUPLICATE_METHOD_MATCH = YES;
				COPY_PHASE_STRIP = NO;
				DEBUG_INFORMATION_FORMAT = "dwarf-with-dsym";
				ENABLE_NS_ASSERTIONS = NO;
				ENABLE_STRICT_OBJC_MSGSEND = YES;
				GCC_C_LANGUAGE_STANDARD = gnu11;
				GCC_NO_COMMON_BLOCKS = YES;
				GCC_WARN_64_TO_32_BIT_CONVERSION = YES;
				GCC_WARN_ABOUT_RETURN_TYPE = YES_ERROR;
				GCC_WARN_UNDECLARED_SELECTOR = YES;
				GCC_WARN_UNINITIALIZED_AUTOS = YES_AGGRESSIVE;
				GCC_WARN_UNUSED_FUNCTION = YES;
				GCC_WARN_UNUSED_VARIABLE = YES;
				IPHONEOS_DEPLOYMENT_TARGET = 16.2;
				MTL_ENABLE_DEBUG_INFO = NO;
				MTL_FAST_MATH = YES;
				SDKROOT = iphoneos;
				SWIFT_COMPILATION_MODE = wholemodule;
				SWIFT_OPTIMIZATION_LEVEL = "-O";
				VALIDATE_PRODUCT = YES;
			};
			name = Release;
		};
		ADBE9FD629B086B900CDFFAA /* Debug */ = {
			isa = XCBuildConfiguration;
			buildSettings = {
				ASSETCATALOG_COMPILER_APPICON_NAME = AppIcon;
				ASSETCATALOG_COMPILER_GLOBAL_ACCENT_COLOR_NAME = AccentColor;
				CODE_SIGN_STYLE = Automatic;
				CURRENT_PROJECT_VERSION = 1;
				DEVELOPMENT_TEAM = 67U424DH3Z;
				GENERATE_INFOPLIST_FILE = YES;
				INFOPLIST_FILE = ContactList/App/Info.plist;
				INFOPLIST_KEY_UIApplicationSupportsIndirectInputEvents = YES;
				INFOPLIST_KEY_UILaunchStoryboardName = LaunchScreen;
				INFOPLIST_KEY_UIMainStoryboardFile = Main;
				INFOPLIST_KEY_UISupportedInterfaceOrientations = UIInterfaceOrientationPortrait;
				INFOPLIST_KEY_UISupportedInterfaceOrientations_iPad = "UIInterfaceOrientationLandscapeLeft UIInterfaceOrientationLandscapeRight UIInterfaceOrientationPortrait UIInterfaceOrientationPortraitUpsideDown";
				LD_RUNPATH_SEARCH_PATHS = (
					"$(inherited)",
					"@executable_path/Frameworks",
				);
				MARKETING_VERSION = 1.0;
				PRODUCT_BUNDLE_IDENTIFIER = lantsov.ContactList;
				PRODUCT_NAME = "$(TARGET_NAME)";
				SUPPORTED_PLATFORMS = "iphoneos iphonesimulator";
				SUPPORTS_MACCATALYST = NO;
				SUPPORTS_MAC_DESIGNED_FOR_IPHONE_IPAD = NO;
				SWIFT_EMIT_LOC_STRINGS = YES;
				SWIFT_VERSION = 5.0;
				TARGETED_DEVICE_FAMILY = 1;
			};
			name = Debug;
		};
		ADBE9FD729B086B900CDFFAA /* Release */ = {
			isa = XCBuildConfiguration;
			buildSettings = {
				ASSETCATALOG_COMPILER_APPICON_NAME = AppIcon;
				ASSETCATALOG_COMPILER_GLOBAL_ACCENT_COLOR_NAME = AccentColor;
				CODE_SIGN_STYLE = Automatic;
				CURRENT_PROJECT_VERSION = 1;
				DEVELOPMENT_TEAM = 67U424DH3Z;
				GENERATE_INFOPLIST_FILE = YES;
				INFOPLIST_FILE = ContactList/App/Info.plist;
				INFOPLIST_KEY_UIApplicationSupportsIndirectInputEvents = YES;
				INFOPLIST_KEY_UILaunchStoryboardName = LaunchScreen;
				INFOPLIST_KEY_UIMainStoryboardFile = Main;
				INFOPLIST_KEY_UISupportedInterfaceOrientations = UIInterfaceOrientationPortrait;
				INFOPLIST_KEY_UISupportedInterfaceOrientations_iPad = "UIInterfaceOrientationLandscapeLeft UIInterfaceOrientationLandscapeRight UIInterfaceOrientationPortrait UIInterfaceOrientationPortraitUpsideDown";
				LD_RUNPATH_SEARCH_PATHS = (
					"$(inherited)",
					"@executable_path/Frameworks",
				);
				MARKETING_VERSION = 1.0;
				PRODUCT_BUNDLE_IDENTIFIER = lantsov.ContactList;
				PRODUCT_NAME = "$(TARGET_NAME)";
				SUPPORTED_PLATFORMS = "iphoneos iphonesimulator";
				SUPPORTS_MACCATALYST = NO;
				SUPPORTS_MAC_DESIGNED_FOR_IPHONE_IPAD = NO;
				SWIFT_EMIT_LOC_STRINGS = YES;
				SWIFT_VERSION = 5.0;
				TARGETED_DEVICE_FAMILY = 1;
			};
			name = Release;
		};
/* End XCBuildConfiguration section */

/* Begin XCConfigurationList section */
		ADBE9FBC29B086B800CDFFAA /* Build configuration list for PBXProject "ContactList" */ = {
			isa = XCConfigurationList;
			buildConfigurations = (
				ADBE9FD329B086B900CDFFAA /* Debug */,
				ADBE9FD429B086B900CDFFAA /* Release */,
			);
			defaultConfigurationIsVisible = 0;
			defaultConfigurationName = Release;
		};
		ADBE9FD529B086B900CDFFAA /* Build configuration list for PBXNativeTarget "ContactList" */ = {
			isa = XCConfigurationList;
			buildConfigurations = (
				ADBE9FD629B086B900CDFFAA /* Debug */,
				ADBE9FD729B086B900CDFFAA /* Release */,
			);
			defaultConfigurationIsVisible = 0;
			defaultConfigurationName = Release;
		};
/* End XCConfigurationList section */
	};
	rootObject = ADBE9FB929B086B800CDFFAA /* Project object */;
}
